// !$*UTF8*$!
{
	archiveVersion = 1;
	classes = {
	};
	objectVersion = 46;
	objects = {

/* Begin PBXBuildFile section */
		661A8D7019FB0446004A23D9 /* AppDelegate.swift in Sources */ = {isa = PBXBuildFile; fileRef = 661A8D6F19FB0446004A23D9 /* AppDelegate.swift */; };
		661A8D7219FB0446004A23D9 /* ViewController.swift in Sources */ = {isa = PBXBuildFile; fileRef = 661A8D7119FB0446004A23D9 /* ViewController.swift */; };
		661A8D7519FB0446004A23D9 /* Main.storyboard in Resources */ = {isa = PBXBuildFile; fileRef = 661A8D7319FB0446004A23D9 /* Main.storyboard */; };
		661A8D7719FB0446004A23D9 /* Images.xcassets in Resources */ = {isa = PBXBuildFile; fileRef = 661A8D7619FB0446004A23D9 /* Images.xcassets */; };
		661A8D7A19FB0446004A23D9 /* LaunchScreen.xib in Resources */ = {isa = PBXBuildFile; fileRef = 661A8D7819FB0446004A23D9 /* LaunchScreen.xib */; };
		661A8D8619FB0446004A23D9 /* PostcardTests.swift in Sources */ = {isa = PBXBuildFile; fileRef = 661A8D8519FB0446004A23D9 /* PostcardTests.swift */; };
		661A8D9019FB8D5C004A23D9 /* SagradaFamilia.jpeg in Resources */ = {isa = PBXBuildFile; fileRef = 661A8D8F19FB8D5C004A23D9 /* SagradaFamilia.jpeg */; };
		661A8D9219FC4937004A23D9 /* AlbertEinsteinStamp.jpg in Resources */ = {isa = PBXBuildFile; fileRef = 661A8D9119FC4937004A23D9 /* AlbertEinsteinStamp.jpg */; };
/* End PBXBuildFile section */

/* Begin PBXContainerItemProxy section */
		661A8D8019FB0446004A23D9 /* PBXContainerItemProxy */ = {
			isa = PBXContainerItemProxy;
			containerPortal = 661A8D6219FB0446004A23D9 /* Project object */;
			proxyType = 1;
			remoteGlobalIDString = 661A8D6919FB0446004A23D9;
			remoteInfo = Postcard;
		};
/* End PBXContainerItemProxy section */

/* Begin PBXFileReference section */
		661A8D6A19FB0446004A23D9 /* Postcard.app */ = {isa = PBXFileReference; explicitFileType = wrapper.application; includeInIndex = 0; path = Postcard.app; sourceTree = BUILT_PRODUCTS_DIR; };
		661A8D6E19FB0446004A23D9 /* Info.plist */ = {isa = PBXFileReference; lastKnownFileType = text.plist.xml; path = Info.plist; sourceTree = "<group>"; };
		661A8D6F19FB0446004A23D9 /* AppDelegate.swift */ = {isa = PBXFileReference; lastKnownFileType = sourcecode.swift; path = AppDelegate.swift; sourceTree = "<group>"; };
		661A8D7119FB0446004A23D9 /* ViewController.swift */ = {isa = PBXFileReference; lastKnownFileType = sourcecode.swift; path = ViewController.swift; sourceTree = "<group>"; };
		661A8D7419FB0446004A23D9 /* Base */ = {isa = PBXFileReference; lastKnownFileType = file.storyboard; name = Base; path = Base.lproj/Main.storyboard; sourceTree = "<group>"; };
		661A8D7619FB0446004A23D9 /* Images.xcassets */ = {isa = PBXFileReference; lastKnownFileType = folder.assetcatalog; path = Images.xcassets; sourceTree = "<group>"; };
		661A8D7919FB0446004A23D9 /* Base */ = {isa = PBXFileReference; lastKnownFileType = file.xib; name = Base; path = Base.lproj/LaunchScreen.xib; sourceTree = "<group>"; };
		661A8D7F19FB0446004A23D9 /* PostcardTests.xctest */ = {isa = PBXFileReference; explicitFileType = wrapper.cfbundle; includeInIndex = 0; path = PostcardTests.xctest; sourceTree = BUILT_PRODUCTS_DIR; };
		661A8D8419FB0446004A23D9 /* Info.plist */ = {isa = PBXFileReference; lastKnownFileType = text.plist.xml; path = Info.plist; sourceTree = "<group>"; };
		661A8D8519FB0446004A23D9 /* PostcardTests.swift */ = {isa = PBXFileReference; lastKnownFileType = sourcecode.swift; path = PostcardTests.swift; sourceTree = "<group>"; };
		661A8D8F19FB8D5C004A23D9 /* SagradaFamilia.jpeg */ = {isa = PBXFileReference; lastKnownFileType = image.jpeg; name = SagradaFamilia.jpeg; path = PostcardTests/SagradaFamilia.jpeg; sourceTree = SOURCE_ROOT; };
		661A8D9119FC4937004A23D9 /* AlbertEinsteinStamp.jpg */ = {isa = PBXFileReference; lastKnownFileType = image.jpeg; path = AlbertEinsteinStamp.jpg; sourceTree = "<group>"; };
/* End PBXFileReference section */

/* Begin PBXFrameworksBuildPhase section */
		661A8D6719FB0446004A23D9 /* Frameworks */ = {
			isa = PBXFrameworksBuildPhase;
			buildActionMask = 2147483647;
			files = (
			);
			runOnlyForDeploymentPostprocessing = 0;
		};
		661A8D7C19FB0446004A23D9 /* Frameworks */ = {
			isa = PBXFrameworksBuildPhase;
			buildActionMask = 2147483647;
			files = (
			);
			runOnlyForDeploymentPostprocessing = 0;
		};
/* End PBXFrameworksBuildPhase section */

/* Begin PBXGroup section */
		661A8D6119FB0445004A23D9 = {
			isa = PBXGroup;
			children = (
				661A8D6C19FB0446004A23D9 /* Postcard */,
				661A8D8219FB0446004A23D9 /* PostcardTests */,
				661A8D6B19FB0446004A23D9 /* Products */,
			);
			sourceTree = "<group>";
		};
		661A8D6B19FB0446004A23D9 /* Products */ = {
			isa = PBXGroup;
			children = (
				661A8D6A19FB0446004A23D9 /* Postcard.app */,
				661A8D7F19FB0446004A23D9 /* PostcardTests.xctest */,
			);
			name = Products;
			sourceTree = "<group>";
		};
		661A8D6C19FB0446004A23D9 /* Postcard */ = {
			isa = PBXGroup;
			children = (
				661A8D6F19FB0446004A23D9 /* AppDelegate.swift */,
				661A8D7119FB0446004A23D9 /* ViewController.swift */,
				661A8D7319FB0446004A23D9 /* Main.storyboard */,
				661A8D7619FB0446004A23D9 /* Images.xcassets */,
				661A8D7819FB0446004A23D9 /* LaunchScreen.xib */,
				661A8D6D19FB0446004A23D9 /* Supporting Files */,
			);
			path = Postcard;
			sourceTree = "<group>";
		};
		661A8D6D19FB0446004A23D9 /* Supporting Files */ = {
			isa = PBXGroup;
			children = (
				661A8D9119FC4937004A23D9 /* AlbertEinsteinStamp.jpg */,
				661A8D8F19FB8D5C004A23D9 /* SagradaFamilia.jpeg */,
				661A8D6E19FB0446004A23D9 /* Info.plist */,
			);
			name = "Supporting Files";
			sourceTree = "<group>";
		};
		661A8D8219FB0446004A23D9 /* PostcardTests */ = {
			isa = PBXGroup;
			children = (
				661A8D8519FB0446004A23D9 /* PostcardTests.swift */,
				661A8D8319FB0446004A23D9 /* Supporting Files */,
			);
			path = PostcardTests;
			sourceTree = "<group>";
		};
		661A8D8319FB0446004A23D9 /* Supporting Files */ = {
			isa = PBXGroup;
			children = (
				661A8D8419FB0446004A23D9 /* Info.plist */,
			);
			name = "Supporting Files";
			sourceTree = "<group>";
		};
/* End PBXGroup section */

/* Begin PBXNativeTarget section */
		661A8D6919FB0446004A23D9 /* Postcard */ = {
			isa = PBXNativeTarget;
			buildConfigurationList = 661A8D8919FB0446004A23D9 /* Build configuration list for PBXNativeTarget "Postcard" */;
			buildPhases = (
				661A8D6619FB0446004A23D9 /* Sources */,
				661A8D6719FB0446004A23D9 /* Frameworks */,
				661A8D6819FB0446004A23D9 /* Resources */,
			);
			buildRules = (
			);
			dependencies = (
			);
			name = Postcard;
			productName = Postcard;
			productReference = 661A8D6A19FB0446004A23D9 /* Postcard.app */;
			productType = "com.apple.product-type.application";
		};
		661A8D7E19FB0446004A23D9 /* PostcardTests */ = {
			isa = PBXNativeTarget;
			buildConfigurationList = 661A8D8C19FB0446004A23D9 /* Build configuration list for PBXNativeTarget "PostcardTests" */;
			buildPhases = (
				661A8D7B19FB0446004A23D9 /* Sources */,
				661A8D7C19FB0446004A23D9 /* Frameworks */,
				661A8D7D19FB0446004A23D9 /* Resources */,
			);
			buildRules = (
			);
			dependencies = (
				661A8D8119FB0446004A23D9 /* PBXTargetDependency */,
			);
			name = PostcardTests;
			productName = PostcardTests;
			productReference = 661A8D7F19FB0446004A23D9 /* PostcardTests.xctest */;
			productType = "com.apple.product-type.bundle.unit-test";
		};
/* End PBXNativeTarget section */

/* Begin PBXProject section */
		661A8D6219FB0446004A23D9 /* Project object */ = {
			isa = PBXProject;
			attributes = {
				LastUpgradeCheck = 0610;
				ORGANIZATIONNAME = "Gen-M";
				TargetAttributes = {
					661A8D6919FB0446004A23D9 = {
						CreatedOnToolsVersion = 6.1;
					};
					661A8D7E19FB0446004A23D9 = {
						CreatedOnToolsVersion = 6.1;
						TestTargetID = 661A8D6919FB0446004A23D9;
					};
				};
			};
			buildConfigurationList = 661A8D6519FB0446004A23D9 /* Build configuration list for PBXProject "Postcard" */;
			compatibilityVersion = "Xcode 3.2";
			developmentRegion = English;
			hasScannedForEncodings = 0;
			knownRegions = (
				en,
				Base,
			);
			mainGroup = 661A8D6119FB0445004A23D9;
			productRefGroup = 661A8D6B19FB0446004A23D9 /* Products */;
			projectDirPath = "";
			projectRoot = "";
			targets = (
				661A8D6919FB0446004A23D9 /* Postcard */,
				661A8D7E19FB0446004A23D9 /* PostcardTests */,
			);
		};
/* End PBXProject section */

/* Begin PBXResourcesBuildPhase section */
		661A8D6819FB0446004A23D9 /* Resources */ = {
			isa = PBXResourcesBuildPhase;
			buildActionMask = 2147483647;
			files = (
				661A8D7519FB0446004A23D9 /* Main.storyboard in Resources */,
				661A8D9019FB8D5C004A23D9 /* SagradaFamilia.jpeg in Resources */,
				661A8D9219FC4937004A23D9 /* AlbertEinsteinStamp.jpg in Resources */,
				661A8D7A19FB0446004A23D9 /* LaunchScreen.xib in Resources */,
				661A8D7719FB0446004A23D9 /* Images.xcassets in Resources */,
			);
			runOnlyForDeploymentPostprocessing = 0;
		};
		661A8D7D19FB0446004A23D9 /* Resources */ = {
			isa = PBXResourcesBuildPhase;
			buildActionMask = 2147483647;
			files = (
			);
			runOnlyForDeploymentPostprocessing = 0;
		};
/* End PBXResourcesBuildPhase section */

/* Begin PBXSourcesBuildPhase section */
		661A8D6619FB0446004A23D9 /* Sources */ = {
			isa = PBXSourcesBuildPhase;
			buildActionMask = 2147483647;
			files = (
				661A8D7219FB0446004A23D9 /* ViewController.swift in Sources */,
				661A8D7019FB0446004A23D9 /* AppDelegate.swift in Sources */,
			);
			runOnlyForDeploymentPostprocessing = 0;
		};
		661A8D7B19FB0446004A23D9 /* Sources */ = {
			isa = PBXSourcesBuildPhase;
			buildActionMask = 2147483647;
			files = (
				661A8D8619FB0446004A23D9 /* PostcardTests.swift in Sources */,
			);
			runOnlyForDeploymentPostprocessing = 0;
		};
/* End PBXSourcesBuildPhase section */

/* Begin PBXTargetDependency section */
		661A8D8119FB0446004A23D9 /* PBXTargetDependency */ = {
			isa = PBXTargetDependency;
			target = 661A8D6919FB0446004A23D9 /* Postcard */;
			targetProxy = 661A8D8019FB0446004A23D9 /* PBXContainerItemProxy */;
		};
/* End PBXTargetDependency section */

/* Begin PBXVariantGroup section */
		661A8D7319FB0446004A23D9 /* Main.storyboard */ = {
			isa = PBXVariantGroup;
			children = (
				661A8D7419FB0446004A23D9 /* Base */,
			);
			name = Main.storyboard;
			sourceTree = "<group>";
		};
		661A8D7819FB0446004A23D9 /* LaunchScreen.xib */ = {
			isa = PBXVariantGroup;
			children = (
				661A8D7919FB0446004A23D9 /* Base */,
			);
			name = LaunchScreen.xib;
			sourceTree = "<group>";
		};
/* End PBXVariantGroup section */

/* Begin XCBuildConfiguration section */
		661A8D8719FB0446004A23D9 /* Debug */ = {
			isa = XCBuildConfiguration;
			buildSettings = {
				ALWAYS_SEARCH_USER_PATHS = NO;
				CLANG_CXX_LANGUAGE_STANDARD = "gnu++0x";
				CLANG_CXX_LIBRARY = "libc++";
				CLANG_ENABLE_MODULES = YES;
				CLANG_ENABLE_OBJC_ARC = YES;
				CLANG_WARN_BOOL_CONVERSION = YES;
				CLANG_WARN_CONSTANT_CONVERSION = YES;
				CLANG_WARN_DIRECT_OBJC_ISA_USAGE = YES_ERROR;
				CLANG_WARN_EMPTY_BODY = YES;
				CLANG_WARN_ENUM_CONVERSION = YES;
				CLANG_WARN_INT_CONVERSION = YES;
				CLANG_WARN_OBJC_ROOT_CLASS = YES_ERROR;
				CLANG_WARN_UNREACHABLE_CODE = YES;
				CLANG_WARN__DUPLICATE_METHOD_MATCH = YES;
				"CODE_SIGN_IDENTITY[sdk=iphoneos*]" = "iPhone Developer";
				COPY_PHASE_STRIP = NO;
				ENABLE_STRICT_OBJC_MSGSEND = YES;
				GCC_C_LANGUAGE_STANDARD = gnu99;
				GCC_DYNAMIC_NO_PIC = NO;
				GCC_OPTIMIZATION_LEVEL = 0;
				GCC_PREPROCESSOR_DEFINITIONS = (
					"DEBUG=1",
					"$(inherited)",
				);
				GCC_SYMBOLS_PRIVATE_EXTERN = NO;
				GCC_WARN_64_TO_32_BIT_CONVERSION = YES;
				GCC_WARN_ABOUT_RETURN_TYPE = YES_ERROR;
				GCC_WARN_UNDECLARED_SELECTOR = YES;
				GCC_WARN_UNINITIALIZED_AUTOS = YES_AGGRESSIVE;
				GCC_WARN_UNUSED_FUNCTION = YES;
				GCC_WARN_UNUSED_VARIABLE = YES;
				IPHONEOS_DEPLOYMENT_TARGET = 8.1;
				MTL_ENABLE_DEBUG_INFO = YES;
				ONLY_ACTIVE_ARCH = YES;
				SDKROOT = iphoneos;
				SWIFT_OPTIMIZATION_LEVEL = "-Onone";
				TARGETED_DEVICE_FAMILY = "1,2";
			};
			name = Debug;
		};
		661A8D8819FB0446004A23D9 /* Release */ = {
			isa = XCBuildConfiguration;
			buildSettings = {
				ALWAYS_SEARCH_USER_PATHS = NO;
				CLANG_CXX_LANGUAGE_STANDARD = "gnu++0x";
				CLANG_CXX_LIBRARY = "libc++";
				CLANG_ENABLE_MODULES = YES;
				CLANG_ENABLE_OBJC_ARC = YES;
				CLANG_WARN_BOOL_CONVERSION = YES;
				CLANG_WARN_CONSTANT_CONVERSION = YES;
				CLANG_WARN_DIRECT_OBJC_ISA_USAGE = YES_ERROR;
				CLANG_WARN_EMPTY_BODY = YES;
				CLANG_WARN_ENUM_CONVERSION = YES;
				CLANG_WARN_INT_CONVERSION = YES;
				CLANG_WARN_OBJC_ROOT_CLASS = YES_ERROR;
				CLANG_WARN_UNREACHABLE_CODE = YES;
				CLANG_WARN__DUPLICATE_METHOD_MATCH = YES;
				"CODE_SIGN_IDENTITY[sdk=iphoneos*]" = "iPhone Developer";
				COPY_PHASE_STRIP = YES;
				ENABLE_NS_ASSERTIONS = NO;
				ENABLE_STRICT_OBJC_MSGSEND = YES;
				GCC_C_LANGUAGE_STANDARD = gnu99;
				GCC_WARN_64_TO_32_BIT_CONVERSION = YES;
				GCC_WARN_ABOUT_RETURN_TYPE = YES_ERROR;
				GCC_WARN_UNDECLARED_SELECTOR = YES;
				GCC_WARN_UNINITIALIZED_AUTOS = YES_AGGRESSIVE;
				GCC_WARN_UNUSED_FUNCTION = YES;
				GCC_WARN_UNUSED_VARIABLE = YES;
				IPHONEOS_DEPLOYMENT_TARGET = 8.1;
				MTL_ENABLE_DEBUG_INFO = NO;
				SDKROOT = iphoneos;
				TARGETED_DEVICE_FAMILY = "1,2";
				VALIDATE_PRODUCT = YES;
			};
			name = Release;
		};
		661A8D8A19FB0446004A23D9 /* Debug */ = {
			isa = XCBuildConfiguration;
			buildSettings = {
				ASSETCATALOG_COMPILER_APPICON_NAME = AppIcon;
				INFOPLIST_FILE = Postcard/Info.plist;
				LD_RUNPATH_SEARCH_PATHS = "$(inherited) @executable_path/Frameworks";
				PRODUCT_NAME = "$(TARGET_NAME)";
			};
			name = Debug;
		};
		661A8D8B19FB0446004A23D9 /* Release */ = {
			isa = XCBuildConfiguration;
			buildSettings = {
				ASSETCATALOG_COMPILER_APPICON_NAME = AppIcon;
				INFOPLIST_FILE = Postcard/Info.plist;
				LD_RUNPATH_SEARCH_PATHS = "$(inherited) @executable_path/Frameworks";
				PRODUCT_NAME = "$(TARGET_NAME)";
			};
			name = Release;
		};
		661A8D8D19FB0446004A23D9 /* Debug */ = {
			isa = XCBuildConfiguration;
			buildSettings = {
				BUNDLE_LOADER = "$(TEST_HOST)";
				FRAMEWORK_SEARCH_PATHS = (
					"$(SDKROOT)/Developer/Library/Frameworks",
					"$(inherited)",
				);
				GCC_PREPROCESSOR_DEFINITIONS = (
					"DEBUG=1",
					"$(inherited)",
				);
				INFOPLIST_FILE = PostcardTests/Info.plist;
				LD_RUNPATH_SEARCH_PATHS = "$(inherited) @executable_path/Frameworks @loader_path/Frameworks";
				PRODUCT_NAME = "$(TARGET_NAME)";
				TEST_HOST = "$(BUILT_PRODUCTS_DIR)/Postcard.app/Postcard";
			};
			name = Debug;
		};
		661A8D8E19FB0446004A23D9 /* Release */ = {
			isa = XCBuildConfiguration;
			buildSettings = {
				BUNDLE_LOADER = "$(TEST_HOST)";
				FRAMEWORK_SEARCH_PATHS = (
					"$(SDKROOT)/Developer/Library/Frameworks",
					"$(inherited)",
				);
				INFOPLIST_FILE = PostcardTests/Info.plist;
				LD_RUNPATH_SEARCH_PATHS = "$(inherited) @executable_path/Frameworks @loader_path/Frameworks";
				PRODUCT_NAME = "$(TARGET_NAME)";
				TEST_HOST = "$(BUILT_PRODUCTS_DIR)/Postcard.app/Postcard";
			};
			name = Release;
		};
/* End XCBuildConfiguration section */

/* Begin XCConfigurationList section */
		661A8D6519FB0446004A23D9 /* Build configuration list for PBXProject "Postcard" */ = {
			isa = XCConfigurationList;
			buildConfigurations = (
				661A8D8719FB0446004A23D9 /* Debug */,
				661A8D8819FB0446004A23D9 /* Release */,
			);
			defaultConfigurationIsVisible = 0;
			defaultConfigurationName = Release;
		};
		661A8D8919FB0446004A23D9 /* Build configuration list for PBXNativeTarget "Postcard" */ = {
			isa = XCConfigurationList;
			buildConfigurations = (
				661A8D8A19FB0446004A23D9 /* Debug */,
				661A8D8B19FB0446004A23D9 /* Release */,
			);
			defaultConfigurationIsVisible = 0;
		};
		661A8D8C19FB0446004A23D9 /* Build configuration list for PBXNativeTarget "PostcardTests" */ = {
			isa = XCConfigurationList;
			buildConfigurations = (
				661A8D8D19FB0446004A23D9 /* Debug */,
				661A8D8E19FB0446004A23D9 /* Release */,
			);
			defaultConfigurationIsVisible = 0;
		};
/* End XCConfigurationList section */
	};
	rootObject = 661A8D6219FB0446004A23D9 /* Project object */;
}
